
Microsoft Visual Studio Solution File, Format Version 12.00
# Visual Studio Version 17
VisualStudioVersion = 17.0.31903.59
MinimumVisualStudioVersion = 10.0.40219.1
Project("{FAE04EC0-301F-11D3-BF4B-00C04F79EFBC}") = "day-01", "day-01\day-01.csproj", "{5E7B612A-AD60-4E2B-8C10-40FA606ED860}"
EndProject
Project("{FAE04EC0-301F-11D3-BF4B-00C04F79EFBC}") = "day-01-test", "day-01-test\day-01-test.csproj", "{990C6063-2109-4EC6-BEFF-97A612A7CFE1}"
EndProject
Global
	GlobalSection(SolutionConfigurationPlatforms) = preSolution
		Debug|Any CPU = Debug|Any CPU
		Release|Any CPU = Release|Any CPU
	EndGlobalSection
	GlobalSection(SolutionProperties) = preSolution
		HideSolutionNode = FALSE
	EndGlobalSection
	GlobalSection(ProjectConfigurationPlatforms) = postSolution
		{6F404105-AC71-405B-BB6E-AB9403B210FB}.Debug|Any CPU.ActiveCfg = Debug|Any CPU
		{6F404105-AC71-405B-BB6E-AB9403B210FB}.Debug|Any CPU.Build.0 = Debug|Any CPU
		{6F404105-AC71-405B-BB6E-AB9403B210FB}.Release|Any CPU.ActiveCfg = Release|Any CPU
		{6F404105-AC71-405B-BB6E-AB9403B210FB}.Release|Any CPU.Build.0 = Release|Any CPU
		{5E7B612A-AD60-4E2B-8C10-40FA606ED860}.Debug|Any CPU.ActiveCfg = Debug|Any CPU
		{5E7B612A-AD60-4E2B-8C10-40FA606ED860}.Debug|Any CPU.Build.0 = Debug|Any CPU
		{5E7B612A-AD60-4E2B-8C10-40FA606ED860}.Release|Any CPU.ActiveCfg = Release|Any CPU
		{5E7B612A-AD60-4E2B-8C10-40FA606ED860}.Release|Any CPU.Build.0 = Release|Any CPU
		{990C6063-2109-4EC6-BEFF-97A612A7CFE1}.Debug|Any CPU.ActiveCfg = Debug|Any CPU
		{990C6063-2109-4EC6-BEFF-97A612A7CFE1}.Debug|Any CPU.Build.0 = Debug|Any CPU
		{990C6063-2109-4EC6-BEFF-97A612A7CFE1}.Release|Any CPU.ActiveCfg = Release|Any CPU
		{990C6063-2109-4EC6-BEFF-97A612A7CFE1}.Release|Any CPU.Build.0 = Release|Any CPU
	EndGlobalSection
EndGlobal
